version = 1
revision = 3
requires-python = ">=3.13"

[[package]]
name = "asgiref"
version = "3.11.0"
source = { registry = "https://pypi.org/simple" }
sdist = { url = "https://files.pythonhosted.org/packages/76/b9/4db2509eabd14b4a8c71d1b24c8d5734c52b8560a7b1e1a8b56c8d25568b/asgiref-3.11.0.tar.gz", hash = "sha256:13acff32519542a1736223fb79a715acdebe24286d98e8b164a73085f40da2c4", size = 37969, upload-time = "2025-11-19T15:32:20.106Z" }
wheels = [
    { url = "https://files.pythonhosted.org/packages/91/be/317c2c55b8bbec407257d45f5c8d1b6867abc76d12043f2d3d58c538a4ea/asgiref-3.11.0-py3-none-any.whl", hash = "sha256:1db9021efadb0d9512ce8ffaf72fcef601c7b73a8807a1bb2ef143dc6b14846d", size = 24096, upload-time = "2025-11-19T15:32:19.004Z" },
]

[[package]]
name = "click"
version = "8.3.1"
source = { registry = "https://pypi.org/simple" }
dependencies = [
    { name = "colorama", marker = "sys_platform == 'win32'" },
]
sdist = { url = "https://files.pythonhosted.org/packages/3d/fa/656b739db8587d7b5dfa22e22ed02566950fbfbcdc20311993483657a5c0/click-8.3.1.tar.gz", hash = "sha256:12ff4785d337a1bb490bb7e9c2b1ee5da3112e94a8622f26a6c77f5d2fc6842a", size = 295065, upload-time = "2025-11-15T20:45:42.706Z" }
wheels = [
    { url = "https://files.pythonhosted.org/packages/98/78/01c019cdb5d6498122777c1a43056ebb3ebfeef2076d9d026bfe15583b2b/click-8.3.1-py3-none-any.whl", hash = "sha256:981153a64e25f12d547d3426c367a4857371575ee7ad18df2a6183ab0545b2a6", size = 108274, upload-time = "2025-11-15T20:45:41.139Z" },
]

[[package]]
name = "colorama"
version = "0.4.6"
source = { registry = "../../../Downloads/python-wheels" }
wheels = [
    { path = "colorama-0.4.6-py2.py3-none-any.whl" },
]

[[package]]
name = "cssbeautifier"
version = "1.15.4"
source = { registry = "../../../Downloads/python-wheels" }
dependencies = [
    { name = "editorconfig" },
    { name = "jsbeautifier" },
    { name = "six" },
]
wheels = [
    { path = "cssbeautifier-1.15.4-py3-none-any.whl" },
]

[[package]]
name = "django"
version = "5.2.8"
source = { registry = "../../../Downloads/python-wheels" }
dependencies = [
    { name = "asgiref" },
    { name = "sqlparse" },
    { name = "tzdata", marker = "sys_platform == 'win32'" },
]
wheels = [
    { path = "django-5.2.8-py3-none-any.whl" },
]

[[package]]
name = "django-browser-reload"
version = "1.21.0"
source = { registry = "../../../Downloads/python-wheels" }
dependencies = [
    { name = "asgiref" },
    { name = "django" },
]
wheels = [
    { path = "django_browser_reload-1.21.0-py3-none-any.whl" },
]

[[package]]
name = "django-data-browser"
version = "4.2.10"
source = { registry = "../../../Downloads/python-wheels" }
dependencies = [
    { name = "django" },
    { name = "hyperlink" },
    { name = "python-dateutil" },
    { name = "sqlparse" },
]
wheels = [
    { path = "django_data_browser-4.2.10-py3-none-any.whl" },
]

[[package]]
name = "django-debug-toolbar"
version = "6.1.0"
source = { registry = "../../../Downloads/python-wheels" }
dependencies = [
    { name = "django" },
    { name = "sqlparse" },
]
wheels = [
    { path = "django_debug_toolbar-6.1.0-py3-none-any.whl" },
]

[[package]]
name = "django-hijack"
version = "3.7.4"
source = { registry = "../../../Downloads/python-wheels" }
dependencies = [
    { name = "django" },
]
wheels = [
    { path = "django_hijack-3.7.4-py3-none-any.whl" },
]

[[package]]
name = "django-sqids"
version = "0.2.2"
source = { registry = "../../../Downloads/python-wheels" }
dependencies = [
    { name = "sqids" },
]
wheels = [
    { path = "django_sqids-0.2.2-py3-none-any.whl" },
]

[[package]]
name = "django-types"
version = "0.22.0"
source = { registry = "../../../Downloads/python-wheels" }
dependencies = [
    { name = "types-psycopg2" },
]
wheels = [
    { path = "django_types-0.22.0-py3-none-any.whl" },
]

[[package]]
name = "djlint"
version = "1.36.4"
source = { registry = "../../../Downloads/python-wheels" }
dependencies = [
    { name = "click" },
    { name = "colorama" },
    { name = "cssbeautifier" },
    { name = "jsbeautifier" },
    { name = "json5" },
    { name = "pathspec" },
    { name = "pyyaml" },
    { name = "regex" },
    { name = "tqdm" },
]
wheels = [
    { path = "djlint-1.36.4-cp313-cp313-win_amd64.whl" },
]

[[package]]
name = "editorconfig"
version = "0.17.1"
source = { registry = "../../../Downloads/python-wheels" }
wheels = [
    { path = "editorconfig-0.17.1-py3-none-any.whl" },
]

[[package]]
name = "emendas-smspa"
version = "0.1.0"
source = { virtual = "." }
dependencies = [
    { name = "django" },
    { name = "django-browser-reload" },
    { name = "django-data-browser" },
    { name = "django-debug-toolbar" },
    { name = "django-hijack" },
    { name = "django-sqids" },
]

[package.dev-dependencies]
dev = [
    { name = "django-types" },
    { name = "djlint" },
    { name = "faker" },
    { name = "mypy" },
    { name = "pytest" },
    { name = "ruff" },
]

[package.metadata]
requires-dist = [
    { name = "django", specifier = ">=5.2" },
    { name = "django-browser-reload", specifier = ">=1.21.0" },
    { name = "django-data-browser", specifier = ">=4.2.10" },
    { name = "django-debug-toolbar", specifier = ">=6.1.0" },
    { name = "django-hijack", specifier = ">=3.7.4" },
    { name = "django-sqids", specifier = ">=0.2.2" },
]

[package.metadata.requires-dev]
dev = [
    { name = "django-types" },
    { name = "djlint", specifier = ">=1.36.4" },
    { name = "faker" },
    { name = "mypy" },
    { name = "pytest" },
    { name = "ruff" },
]

[[package]]
name = "faker"
version = "38.2.0"
source = { registry = "https://pypi.org/simple" }
dependencies = [
    { name = "tzdata" },
]
sdist = { url = "https://files.pythonhosted.org/packages/64/27/022d4dbd4c20567b4c294f79a133cc2f05240ea61e0d515ead18c995c249/faker-38.2.0.tar.gz", hash = "sha256:20672803db9c7cb97f9b56c18c54b915b6f1d8991f63d1d673642dc43f5ce7ab", size = 1941469, upload-time = "2025-11-19T16:37:31.892Z" }
wheels = [
    { url = "https://files.pythonhosted.org/packages/17/93/00c94d45f55c336434a15f98d906387e87ce28f9918e4444829a8fda432d/faker-38.2.0-py3-none-any.whl", hash = "sha256:35fe4a0a79dee0dc4103a6083ee9224941e7d3594811a50e3969e547b0d2ee65", size = 1980505, upload-time = "2025-11-19T16:37:30.208Z" },
]

[[package]]
name = "hyperlink"
version = "21.0.0"
source = { registry = "../../../Downloads/python-wheels" }
dependencies = [
    { name = "idna" },
]
wheels = [
    { path = "hyperlink-21.0.0-py2.py3-none-any.whl" },
]

[[package]]
name = "idna"
version = "3.11"
source = { registry = "https://pypi.org/simple" }
sdist = { url = "https://files.pythonhosted.org/packages/6f/6d/0703ccc57f3a7233505399edb88de3cbd678da106337b9fcde432b65ed60/idna-3.11.tar.gz", hash = "sha256:795dafcc9c04ed0c1fb032c2aa73654d8e8c5023a7df64a53f39190ada629902", size = 194582, upload-time = "2025-10-12T14:55:20.501Z" }
wheels = [
    { url = "https://files.pythonhosted.org/packages/0e/61/66938bbb5fc52dbdf84594873d5b51fb1f7c7794e9c0f5bd885f30bc507b/idna-3.11-py3-none-any.whl", hash = "sha256:771a87f49d9defaf64091e6e6fe9c18d4833f140bd19464795bc32d966ca37ea", size = 71008, upload-time = "2025-10-12T14:55:18.883Z" },
]

[[package]]
name = "iniconfig"
version = "2.3.0"
source = { registry = "../../../Downloads/python-wheels" }
wheels = [
    { path = "iniconfig-2.3.0-py3-none-any.whl" },
]

[[package]]
name = "jsbeautifier"
version = "1.15.4"
source = { registry = "../../../Downloads/python-wheels" }
dependencies = [
    { name = "editorconfig" },
    { name = "six" },
]
wheels = [
    { path = "jsbeautifier-1.15.4-py3-none-any.whl" },
]

[[package]]
name = "json5"
version = "0.12.1"
source = { registry = "../../../Downloads/python-wheels" }
wheels = [
    { path = "json5-0.12.1-py3-none-any.whl" },
]

[[package]]
name = "mypy"
version = "1.18.2"
source = { registry = "../../../Downloads/python-wheels" }
dependencies = [
    { name = "mypy-extensions" },
    { name = "pathspec" },
    { name = "typing-extensions" },
]
wheels = [
    { path = "mypy-1.18.2-cp313-cp313-win_amd64.whl" },
]

[[package]]
name = "mypy-extensions"
version = "1.1.0"
source = { registry = "../../../Downloads/python-wheels" }
wheels = [
    { path = "mypy_extensions-1.1.0-py3-none-any.whl" },
]

[[package]]
name = "packaging"
version = "25.0"
source = { registry = "../../../Downloads/python-wheels" }
wheels = [
    { path = "packaging-25.0-py3-none-any.whl" },
]

[[package]]
name = "pathspec"
version = "0.12.1"
source = { registry = "../../../Downloads/python-wheels" }
wheels = [
    { path = "pathspec-0.12.1-py3-none-any.whl" },
]

[[package]]
name = "pluggy"
version = "1.6.0"
source = { registry = "../../../Downloads/python-wheels" }
wheels = [
    { path = "pluggy-1.6.0-py3-none-any.whl" },
]

[[package]]
name = "pygments"
version = "2.19.2"
source = { registry = "../../../Downloads/python-wheels" }
wheels = [
    { path = "pygments-2.19.2-py3-none-any.whl" },
]

[[package]]
name = "pytest"
version = "9.0.1"
source = { registry = "https://pypi.org/simple" }
dependencies = [
    { name = "colorama", marker = "sys_platform == 'win32'" },
    { name = "iniconfig" },
    { name = "packaging" },
    { name = "pluggy" },
    { name = "pygments" },
]
sdist = { url = "https://files.pythonhosted.org/packages/07/56/f013048ac4bc4c1d9be45afd4ab209ea62822fb1598f40687e6bf45dcea4/pytest-9.0.1.tar.gz", hash = "sha256:3e9c069ea73583e255c3b21cf46b8d3c56f6e3a1a8f6da94ccb0fcf57b9d73c8", size = 1564125, upload-time = "2025-11-12T13:05:09.333Z" }
wheels = [
    { url = "https://files.pythonhosted.org/packages/0b/8b/6300fb80f858cda1c51ffa17075df5d846757081d11ab4aa35cef9e6258b/pytest-9.0.1-py3-none-any.whl", hash = "sha256:67be0030d194df2dfa7b556f2e56fb3c3315bd5c8822c6951162b92b32ce7dad", size = 373668, upload-time = "2025-11-12T13:05:07.379Z" },
]

[[package]]
name = "python-dateutil"
version = "2.9.0.post0"
source = { registry = "../../../Downloads/python-wheels" }
dependencies = [
    { name = "six" },
]
wheels = [
    { path = "python_dateutil-2.9.0.post0-py2.py3-none-any.whl" },
]

[[package]]
name = "pyyaml"
version = "6.0.3"
source = { registry = "../../../Downloads/python-wheels" }
wheels = [
    { path = "pyyaml-6.0.3-cp313-cp313-win_amd64.whl" },
]

[[package]]
name = "regex"
version = "2025.11.3"
source = { registry = "../../../Downloads/python-wheels" }
sdist = { path = "regex-2025.11.3.tar.gz" }
wheels = [
    { path = "regex-2025.11.3-cp313-cp313-win_amd64.whl" },
    { path = "regex-2025.11.3-cp313-cp313t-win32.whl" },
]

[[package]]
name = "ruff"
version = "0.14.5"
source = { registry = "https://pypi.org/simple" }
sdist = { url = "https://files.pythonhosted.org/packages/82/fa/fbb67a5780ae0f704876cb8ac92d6d76da41da4dc72b7ed3565ab18f2f52/ruff-0.14.5.tar.gz", hash = "sha256:8d3b48d7d8aad423d3137af7ab6c8b1e38e4de104800f0d596990f6ada1a9fc1", size = 5615944, upload-time = "2025-11-13T19:58:51.155Z" }
wheels = [
    { url = "https://files.pythonhosted.org/packages/68/31/c07e9c535248d10836a94e4f4e8c5a31a1beed6f169b31405b227872d4f4/ruff-0.14.5-py3-none-linux_armv6l.whl", hash = "sha256:f3b8248123b586de44a8018bcc9fefe31d23dda57a34e6f0e1e53bd51fd63594", size = 13171630, upload-time = "2025-11-13T19:57:54.894Z" },
    { url = "https://files.pythonhosted.org/packages/8e/5c/283c62516dca697cd604c2796d1487396b7a436b2f0ecc3fd412aca470e0/ruff-0.14.5-py3-none-macosx_10_12_x86_64.whl", hash = "sha256:f7a75236570318c7a30edd7f5491945f0169de738d945ca8784500b517163a72", size = 13413925, upload-time = "2025-11-13T19:57:59.181Z" },
    { url = "https://files.pythonhosted.org/packages/b6/f3/aa319f4afc22cb6fcba2b9cdfc0f03bbf747e59ab7a8c5e90173857a1361/ruff-0.14.5-py3-none-macosx_11_0_arm64.whl", hash = "sha256:6d146132d1ee115f8802356a2dc9a634dbf58184c51bff21f313e8cd1c74899a", size = 12574040, upload-time = "2025-11-13T19:58:02.056Z" },
    { url = "https://files.pythonhosted.org/packages/f9/7f/cb5845fcc7c7e88ed57f58670189fc2ff517fe2134c3821e77e29fd3b0c8/ruff-0.14.5-py3-none-manylinux_2_17_aarch64.manylinux2014_aarch64.whl", hash = "sha256:e2380596653dcd20b057794d55681571a257a42327da8894b93bbd6111aa801f", size = 13009755, upload-time = "2025-11-13T19:58:05.172Z" },
    { url = "https://files.pythonhosted.org/packages/21/d2/bcbedbb6bcb9253085981730687ddc0cc7b2e18e8dc13cf4453de905d7a0/ruff-0.14.5-py3-none-manylinux_2_17_armv7l.manylinux2014_armv7l.whl", hash = "sha256:2d1fa985a42b1f075a098fa1ab9d472b712bdb17ad87a8ec86e45e7fa6273e68", size = 12937641, upload-time = "2025-11-13T19:58:08.345Z" },
    { url = "https://files.pythonhosted.org/packages/a4/58/e25de28a572bdd60ffc6bb71fc7fd25a94ec6a076942e372437649cbb02a/ruff-0.14.5-py3-none-manylinux_2_17_i686.manylinux2014_i686.whl", hash = "sha256:88f0770d42b7fa02bbefddde15d235ca3aa24e2f0137388cc15b2dcbb1f7c7a7", size = 13610854, upload-time = "2025-11-13T19:58:11.419Z" },
    { url = "https://files.pythonhosted.org/packages/7d/24/43bb3fd23ecee9861970978ea1a7a63e12a204d319248a7e8af539984280/ruff-0.14.5-py3-none-manylinux_2_17_ppc64.manylinux2014_ppc64.whl", hash = "sha256:3676cb02b9061fee7294661071c4709fa21419ea9176087cb77e64410926eb78", size = 15061088, upload-time = "2025-11-13T19:58:14.551Z" },
    { url = "https://files.pythonhosted.org/packages/23/44/a022f288d61c2f8c8645b24c364b719aee293ffc7d633a2ca4d116b9c716/ruff-0.14.5-py3-none-manylinux_2_17_ppc64le.manylinux2014_ppc64le.whl", hash = "sha256:b595bedf6bc9cab647c4a173a61acf4f1ac5f2b545203ba82f30fcb10b0318fb", size = 14734717, upload-time = "2025-11-13T19:58:17.518Z" },
    { url = "https://files.pythonhosted.org/packages/58/81/5c6ba44de7e44c91f68073e0658109d8373b0590940efe5bd7753a2585a3/ruff-0.14.5-py3-none-manylinux_2_17_s390x.manylinux2014_s390x.whl", hash = "sha256:f55382725ad0bdb2e8ee2babcbbfb16f124f5a59496a2f6a46f1d9d99d93e6e2", size = 14028812, upload-time = "2025-11-13T19:58:20.533Z" },
    { url = "https://files.pythonhosted.org/packages/ad/ef/41a8b60f8462cb320f68615b00299ebb12660097c952c600c762078420f8/ruff-0.14.5-py3-none-manylinux_2_17_x86_64.manylinux2014_x86_64.whl", hash = "sha256:7497d19dce23976bdaca24345ae131a1d38dcfe1b0850ad8e9e6e4fa321a6e19", size = 13825656, upload-time = "2025-11-13T19:58:23.345Z" },
    { url = "https://files.pythonhosted.org/packages/7c/00/207e5de737fdb59b39eb1fac806904fe05681981b46d6a6db9468501062e/ruff-0.14.5-py3-none-manylinux_2_31_riscv64.whl", hash = "sha256:410e781f1122d6be4f446981dd479470af86537fb0b8857f27a6e872f65a38e4", size = 13959922, upload-time = "2025-11-13T19:58:26.537Z" },
    { url = "https://files.pythonhosted.org/packages/bc/7e/fa1f5c2776db4be405040293618846a2dece5c70b050874c2d1f10f24776/ruff-0.14.5-py3-none-musllinux_1_2_aarch64.whl", hash = "sha256:c01be527ef4c91a6d55e53b337bfe2c0f82af024cc1a33c44792d6844e2331e1", size = 12932501, upload-time = "2025-11-13T19:58:29.822Z" },
    { url = "https://files.pythonhosted.org/packages/67/d8/d86bf784d693a764b59479a6bbdc9515ae42c340a5dc5ab1dabef847bfaa/ruff-0.14.5-py3-none-musllinux_1_2_armv7l.whl", hash = "sha256:f66e9bb762e68d66e48550b59c74314168ebb46199886c5c5aa0b0fbcc81b151", size = 12927319, upload-time = "2025-11-13T19:58:32.923Z" },
    { url = "https://files.pythonhosted.org/packages/ac/de/ee0b304d450ae007ce0cb3e455fe24fbcaaedae4ebaad6c23831c6663651/ruff-0.14.5-py3-none-musllinux_1_2_i686.whl", hash = "sha256:d93be8f1fa01022337f1f8f3bcaa7ffee2d0b03f00922c45c2207954f351f465", size = 13206209, upload-time = "2025-11-13T19:58:35.952Z" },
    { url = "https://files.pythonhosted.org/packages/33/aa/193ca7e3a92d74f17d9d5771a765965d2cf42c86e6f0fd95b13969115723/ruff-0.14.5-py3-none-musllinux_1_2_x86_64.whl", hash = "sha256:c135d4b681f7401fe0e7312017e41aba9b3160861105726b76cfa14bc25aa367", size = 13953709, upload-time = "2025-11-13T19:58:39.002Z" },
    { url = "https://files.pythonhosted.org/packages/cc/f1/7119e42aa1d3bf036ffc9478885c2e248812b7de9abea4eae89163d2929d/ruff-0.14.5-py3-none-win32.whl", hash = "sha256:c83642e6fccfb6dea8b785eb9f456800dcd6a63f362238af5fc0c83d027dd08b", size = 12925808, upload-time = "2025-11-13T19:58:42.779Z" },
    { url = "https://files.pythonhosted.org/packages/3b/9d/7c0a255d21e0912114784e4a96bf62af0618e2190cae468cd82b13625ad2/ruff-0.14.5-py3-none-win_amd64.whl", hash = "sha256:9d55d7af7166f143c94eae1db3312f9ea8f95a4defef1979ed516dbb38c27621", size = 14331546, upload-time = "2025-11-13T19:58:45.691Z" },
    { url = "https://files.pythonhosted.org/packages/e5/80/69756670caedcf3b9be597a6e12276a6cf6197076eb62aad0c608f8efce0/ruff-0.14.5-py3-none-win_arm64.whl", hash = "sha256:4b700459d4649e2594b31f20a9de33bc7c19976d4746d8d0798ad959621d64a4", size = 13433331, upload-time = "2025-11-13T19:58:48.434Z" },
]

[[package]]
name = "six"
version = "1.17.0"
source = { registry = "../../../Downloads/python-wheels" }
wheels = [
    { path = "six-1.17.0-py2.py3-none-any.whl" },
]

[[package]]
name = "sqids"
version = "0.5.2"
source = { registry = "../../../Downloads/python-wheels" }
wheels = [
    { path = "sqids-0.5.2-py3-none-any.whl" },
]

[[package]]
name = "sqlparse"
version = "0.5.3"
source = { registry = "../../../Downloads/python-wheels" }
wheels = [
    { path = "sqlparse-0.5.3-py3-none-any.whl" },
]

[[package]]
name = "tqdm"
version = "4.67.1"
source = { registry = "../../../Downloads/python-wheels" }
dependencies = [
    { name = "colorama", marker = "sys_platform == 'win32'" },
]
wheels = [
    { path = "tqdm-4.67.1-py3-none-any.whl" },
]

[[package]]
name = "types-psycopg2"
version = "2.9.21.20251012"
source = { registry = "../../../Downloads/python-wheels" }
wheels = [
    { path = "types_psycopg2-2.9.21.20251012-py3-none-any.whl" },
]

[[package]]
name = "typing-extensions"
version = "4.15.0"
source = { registry = "../../../Downloads/python-wheels" }
wheels = [
    { path = "typing_extensions-4.15.0-py3-none-any.whl" },
]

[[package]]
name = "tzdata"
version = "2025.2"
source = { registry = "../../../Downloads/python-wheels" }
wheels = [
    { path = "tzdata-2025.2-py2.py3-none-any.whl" },
]
