version = 1
revision = 3
requires-python = ">=3.13"

[[package]]
name = "asgiref"
version = "3.10.0"
source = { registry = "../../../../Downloads/python-wheels" }
wheels = [
    { path = "asgiref-3.10.0-py3-none-any.whl" },
]

[[package]]
name = "backend"
version = "0.1.0"
source = { virtual = "." }
dependencies = [
    { name = "django" },
    { name = "django-browser-reload" },
    { name = "django-data-browser" },
    { name = "django-debug-toolbar" },
    { name = "django-sqids" },
]

[package.dev-dependencies]
dev = [
    { name = "django-types" },
    { name = "faker" },
    { name = "mypy" },
    { name = "pytest" },
    { name = "ruff" },
]

[package.metadata]
requires-dist = [
    { name = "django", specifier = ">=5.2" },
    { name = "django-browser-reload", specifier = ">=1.21.0" },
    { name = "django-data-browser", specifier = ">=4.2.10" },
    { name = "django-debug-toolbar", specifier = ">=6.1.0" },
    { name = "django-sqids", specifier = ">=0.2.2" },
]

[package.metadata.requires-dev]
dev = [
    { name = "django-types" },
    { name = "faker" },
    { name = "mypy" },
    { name = "pytest" },
    { name = "ruff" },
]

[[package]]
name = "colorama"
version = "0.4.6"
source = { registry = "../../../../Downloads/python-wheels" }
wheels = [
    { path = "colorama-0.4.6-py2.py3-none-any.whl" },
]

[[package]]
name = "django"
version = "6.0b1"
source = { registry = "../../../../Downloads/python-wheels" }
dependencies = [
    { name = "asgiref" },
    { name = "sqlparse" },
    { name = "tzdata", marker = "sys_platform == 'win32'" },
]
wheels = [
    { path = "django-6.0b1-py3-none-any.whl" },
]

[[package]]
name = "django-browser-reload"
version = "1.21.0"
source = { registry = "../../../../Downloads/python-wheels" }
dependencies = [
    { name = "asgiref" },
    { name = "django" },
]
wheels = [
    { path = "django_browser_reload-1.21.0-py3-none-any.whl" },
]

[[package]]
name = "django-data-browser"
version = "4.2.10"
source = { registry = "../../../../Downloads/python-wheels" }
dependencies = [
    { name = "django" },
    { name = "hyperlink" },
    { name = "python-dateutil" },
    { name = "sqlparse" },
]
wheels = [
    { path = "django_data_browser-4.2.10-py3-none-any.whl" },
]

[[package]]
name = "django-debug-toolbar"
version = "6.1.0"
source = { registry = "../../../../Downloads/python-wheels" }
dependencies = [
    { name = "django" },
    { name = "sqlparse" },
]
wheels = [
    { path = "django_debug_toolbar-6.1.0-py3-none-any.whl" },
]

[[package]]
name = "django-sqids"
version = "0.2.2"
source = { registry = "../../../../Downloads/python-wheels" }
dependencies = [
    { name = "sqids" },
]
wheels = [
    { path = "django_sqids-0.2.2-py3-none-any.whl" },
]

[[package]]
name = "django-types"
version = "0.22.0"
source = { registry = "../../../../Downloads/python-wheels" }
dependencies = [
    { name = "types-psycopg2" },
]
wheels = [
    { path = "django_types-0.22.0-py3-none-any.whl" },
]

[[package]]
name = "faker"
version = "37.12.0"
source = { registry = "../../../../Downloads/python-wheels" }
dependencies = [
    { name = "tzdata" },
]
wheels = [
    { path = "faker-37.12.0-py3-none-any.whl" },
]

[[package]]
name = "hyperlink"
version = "21.0.0"
source = { registry = "../../../../Downloads/python-wheels" }
dependencies = [
    { name = "idna" },
]
wheels = [
    { path = "hyperlink-21.0.0-py2.py3-none-any.whl" },
]

[[package]]
name = "idna"
version = "3.10"
source = { registry = "../../../../Downloads/python-wheels" }
wheels = [
    { path = "idna-3.10-py3-none-any.whl" },
]

[[package]]
name = "iniconfig"
version = "2.3.0"
source = { registry = "../../../../Downloads/python-wheels" }
wheels = [
    { path = "iniconfig-2.3.0-py3-none-any.whl" },
]

[[package]]
name = "mypy"
version = "1.18.2"
source = { registry = "../../../../Downloads/python-wheels" }
dependencies = [
    { name = "mypy-extensions" },
    { name = "pathspec" },
    { name = "typing-extensions" },
]
wheels = [
    { path = "mypy-1.18.2-cp313-cp313-win_amd64.whl" },
]

[[package]]
name = "mypy-extensions"
version = "1.1.0"
source = { registry = "../../../../Downloads/python-wheels" }
wheels = [
    { path = "mypy_extensions-1.1.0-py3-none-any.whl" },
]

[[package]]
name = "packaging"
version = "25.0"
source = { registry = "../../../../Downloads/python-wheels" }
wheels = [
    { path = "packaging-25.0-py3-none-any.whl" },
]

[[package]]
name = "pathspec"
version = "0.12.1"
source = { registry = "../../../../Downloads/python-wheels" }
wheels = [
    { path = "pathspec-0.12.1-py3-none-any.whl" },
]

[[package]]
name = "pluggy"
version = "1.6.0"
source = { registry = "../../../../Downloads/python-wheels" }
wheels = [
    { path = "pluggy-1.6.0-py3-none-any.whl" },
]

[[package]]
name = "pygments"
version = "2.19.2"
source = { registry = "../../../../Downloads/python-wheels" }
wheels = [
    { path = "pygments-2.19.2-py3-none-any.whl" },
]

[[package]]
name = "pytest"
version = "8.4.2"
source = { registry = "../../../../Downloads/python-wheels" }
dependencies = [
    { name = "colorama", marker = "sys_platform == 'win32'" },
    { name = "iniconfig" },
    { name = "packaging" },
    { name = "pluggy" },
    { name = "pygments" },
]
wheels = [
    { path = "pytest-8.4.2-py3-none-any.whl" },
]

[[package]]
name = "python-dateutil"
version = "2.9.0.post0"
source = { registry = "../../../../Downloads/python-wheels" }
dependencies = [
    { name = "six" },
]
wheels = [
    { path = "python_dateutil-2.9.0.post0-py2.py3-none-any.whl" },
]

[[package]]
name = "ruff"
version = "0.14.3"
source = { registry = "../../../../Downloads/python-wheels" }
wheels = [
    { path = "ruff-0.14.3-py3-none-win_amd64.whl" },
]

[[package]]
name = "six"
version = "1.17.0"
source = { registry = "../../../../Downloads/python-wheels" }
wheels = [
    { path = "six-1.17.0-py2.py3-none-any.whl" },
]

[[package]]
name = "sqids"
version = "0.5.2"
source = { registry = "../../../../Downloads/python-wheels" }
wheels = [
    { path = "sqids-0.5.2-py3-none-any.whl" },
]

[[package]]
name = "sqlparse"
version = "0.5.3"
source = { registry = "../../../../Downloads/python-wheels" }
wheels = [
    { path = "sqlparse-0.5.3-py3-none-any.whl" },
]

[[package]]
name = "types-psycopg2"
version = "2.9.21.20251012"
source = { registry = "../../../../Downloads/python-wheels" }
wheels = [
    { path = "types_psycopg2-2.9.21.20251012-py3-none-any.whl" },
]

[[package]]
name = "typing-extensions"
version = "4.15.0"
source = { registry = "../../../../Downloads/python-wheels" }
wheels = [
    { path = "typing_extensions-4.15.0-py3-none-any.whl" },
]

[[package]]
name = "tzdata"
version = "2025.2"
source = { registry = "../../../../Downloads/python-wheels" }
wheels = [
    { path = "tzdata-2025.2-py2.py3-none-any.whl" },
]
